
Microsoft Visual Studio Solution File, Format Version 11.00
# Visual Studio 2010
Project("{FAE04EC0-301F-11D3-BF4B-00C04F79EFBC}") = "BTH43", "BTH43.csproj", "{CFB00626-1939-42C2-B97B-2525D7210291}"
EndProject
Global
	GlobalSection(SolutionConfigurationPlatforms) = preSolution
		Debug|x86 = Debug|x86
		Release|x86 = Release|x86
	EndGlobalSection
	GlobalSection(ProjectConfigurationPlatforms) = postSolution
		{CFB00626-1939-42C2-B97B-2525D7210291}.Debug|x86.ActiveCfg = Debug|x86
		{CFB00626-1939-42C2-B97B-2525D7210291}.Debug|x86.Build.0 = Debug|x86
		{CFB00626-1939-42C2-B97B-2525D7210291}.Release|x86.ActiveCfg = Release|x86
		{CFB00626-1939-42C2-B97B-2525D7210291}.Release|x86.Build.0 = Release|x86
	EndGlobalSection
	GlobalSection(SolutionProperties) = preSolution
		HideSolutionNode = FALSE
	EndGlobalSection
EndGlobal
